
Microsoft Visual Studio Solution File, Format Version 12.00
# Visual Studio Version 17
VisualStudioVersion = 17.1.32414.318
MinimumVisualStudioVersion = 10.0.40219.1
Project("{FAE04EC0-301F-11D3-BF4B-00C04F79EFBC}") = "StateMachine", "StateMachine\StateMachine.csproj", "{B43261B3-17A1-4D90-8BB6-85DB53E25103}"
EndProject
Global
	GlobalSection(SolutionConfigurationPlatforms) = preSolution
		Debug|Any CPU = Debug|Any CPU
		Release|Any CPU = Release|Any CPU
	EndGlobalSection
	GlobalSection(ProjectConfigurationPlatforms) = postSolution
		{B43261B3-17A1-4D90-8BB6-85DB53E25103}.Debug|Any CPU.ActiveCfg = Debug|Any CPU
		{B43261B3-17A1-4D90-8BB6-85DB53E25103}.Debug|Any CPU.Build.0 = Debug|Any CPU
		{B43261B3-17A1-4D90-8BB6-85DB53E25103}.Release|Any CPU.ActiveCfg = Release|Any CPU
		{B43261B3-17A1-4D90-8BB6-85DB53E25103}.Release|Any CPU.Build.0 = Release|Any CPU
	EndGlobalSection
	GlobalSection(SolutionProperties) = preSolution
		HideSolutionNode = FALSE
	EndGlobalSection
	GlobalSection(ExtensibilityGlobals) = postSolution
		SolutionGuid = {A251FAF2-BF47-4334-BB28-7933BFF4A814}
	EndGlobalSection
EndGlobal
